
Microsoft Visual Studio Solution File, Format Version 12.00
# Visual Studio Version 16
VisualStudioVersion = 16.0.29613.14
MinimumVisualStudioVersion = 10.0.40219.1
Project("{9A19103F-16F7-4668-BE54-9A1E7A4F7556}") = "escout", "escout.csproj", "{C2B342F1-42E7-4811-B5DD-7AE7D1AFF955}"
EndProject
Global
	GlobalSection(SolutionConfigurationPlatforms) = preSolution
		Debug|Any CPU = Debug|Any CPU
		Release|Any CPU = Release|Any CPU
	EndGlobalSection
	GlobalSection(ProjectConfigurationPlatforms) = postSolution
		{C2B342F1-42E7-4811-B5DD-7AE7D1AFF955}.Debug|Any CPU.ActiveCfg = Debug|Any CPU
		{C2B342F1-42E7-4811-B5DD-7AE7D1AFF955}.Debug|Any CPU.Build.0 = Debug|Any CPU
		{C2B342F1-42E7-4811-B5DD-7AE7D1AFF955}.Release|Any CPU.ActiveCfg = Release|Any CPU
		{C2B342F1-42E7-4811-B5DD-7AE7D1AFF955}.Release|Any CPU.Build.0 = Release|Any CPU
	EndGlobalSection
	GlobalSection(SolutionProperties) = preSolution
		HideSolutionNode = FALSE
	EndGlobalSection
	GlobalSection(ExtensibilityGlobals) = postSolution
		SolutionGuid = {2137F2B6-CBBB-49B6-9F12-804A2EA147CE}
	EndGlobalSection
EndGlobal
